
Microsoft Visual Studio Solution File, Format Version 12.00
# Visual Studio Version 17
VisualStudioVersion = 17.4.33213.308
MinimumVisualStudioVersion = 10.0.40219.1
Project("{9A19103F-16F7-4668-BE54-9A1E7A4F7556}") = "DataAccess.Example", "DataAccess.Example\DataAccess.Example.csproj", "{72835CBC-4DF9-4775-A148-5605F4D2D1FC}"
EndProject
Project("{FAE04EC0-301F-11D3-BF4B-00C04F79EFBC}") = "DataAccess.Example.Core", "DataAccess.Example.Core\DataAccess.Example.Core.csproj", "{553F9F77-646E-4477-9C77-128B277B6C73}"
EndProject
Project("{FAE04EC0-301F-11D3-BF4B-00C04F79EFBC}") = "DataAccess.Example.EntityFramework", "DataAccess.Example.EntityFramework\DataAccess.Example.EntityFramework.csproj", "{2D046A77-1B6C-4F03-926A-073696C646AC}"
EndProject
Project("{FAE04EC0-301F-11D3-BF4B-00C04F79EFBC}") = "DataAccess.Example.WebApi", "DataAccess.Example.WebApi\DataAccess.Example.WebApi.csproj", "{D419C27D-1A31-4A4B-BA8A-C5F4DF65C7FE}"
EndProject
Global
	GlobalSection(SolutionConfigurationPlatforms) = preSolution
		Debug|Any CPU = Debug|Any CPU
		Release|Any CPU = Release|Any CPU
	EndGlobalSection
	GlobalSection(ProjectConfigurationPlatforms) = postSolution
		{72835CBC-4DF9-4775-A148-5605F4D2D1FC}.Debug|Any CPU.ActiveCfg = Debug|Any CPU
		{72835CBC-4DF9-4775-A148-5605F4D2D1FC}.Debug|Any CPU.Build.0 = Debug|Any CPU
		{72835CBC-4DF9-4775-A148-5605F4D2D1FC}.Release|Any CPU.ActiveCfg = Release|Any CPU
		{72835CBC-4DF9-4775-A148-5605F4D2D1FC}.Release|Any CPU.Build.0 = Release|Any CPU
		{553F9F77-646E-4477-9C77-128B277B6C73}.Debug|Any CPU.ActiveCfg = Debug|Any CPU
		{553F9F77-646E-4477-9C77-128B277B6C73}.Debug|Any CPU.Build.0 = Debug|Any CPU
		{553F9F77-646E-4477-9C77-128B277B6C73}.Release|Any CPU.ActiveCfg = Release|Any CPU
		{553F9F77-646E-4477-9C77-128B277B6C73}.Release|Any CPU.Build.0 = Release|Any CPU
		{2D046A77-1B6C-4F03-926A-073696C646AC}.Debug|Any CPU.ActiveCfg = Debug|Any CPU
		{2D046A77-1B6C-4F03-926A-073696C646AC}.Debug|Any CPU.Build.0 = Debug|Any CPU
		{2D046A77-1B6C-4F03-926A-073696C646AC}.Release|Any CPU.ActiveCfg = Release|Any CPU
		{2D046A77-1B6C-4F03-926A-073696C646AC}.Release|Any CPU.Build.0 = Release|Any CPU
		{D419C27D-1A31-4A4B-BA8A-C5F4DF65C7FE}.Debug|Any CPU.ActiveCfg = Debug|Any CPU
		{D419C27D-1A31-4A4B-BA8A-C5F4DF65C7FE}.Debug|Any CPU.Build.0 = Debug|Any CPU
		{D419C27D-1A31-4A4B-BA8A-C5F4DF65C7FE}.Release|Any CPU.ActiveCfg = Release|Any CPU
		{D419C27D-1A31-4A4B-BA8A-C5F4DF65C7FE}.Release|Any CPU.Build.0 = Release|Any CPU
	EndGlobalSection
	GlobalSection(SolutionProperties) = preSolution
		HideSolutionNode = FALSE
	EndGlobalSection
	GlobalSection(ExtensibilityGlobals) = postSolution
		SolutionGuid = {3E42699D-09EA-4E56-9861-1BD8ED79867F}
	EndGlobalSection
EndGlobal
