
Microsoft Visual Studio Solution File, Format Version 12.00
# Visual Studio Version 17
VisualStudioVersion = 17.4.33213.308
MinimumVisualStudioVersion = 10.0.40219.1
Project("{FAE04EC0-301F-11D3-BF4B-00C04F79EFBC}") = "OPP.Ejercicio1", "OPP.Ejercicio1\OPP.Ejercicio1.csproj", "{F65AFA35-BDC6-4368-A261-E8D57D884C3E}"
EndProject
Project("{FAE04EC0-301F-11D3-BF4B-00C04F79EFBC}") = "AudioManager", "AudioManager\AudioManager.csproj", "{DA5FA534-FA29-4E88-B329-249D9C924814}"
EndProject
Global
	GlobalSection(SolutionConfigurationPlatforms) = preSolution
		Debug|Any CPU = Debug|Any CPU
		Release|Any CPU = Release|Any CPU
	EndGlobalSection
	GlobalSection(ProjectConfigurationPlatforms) = postSolution
		{F65AFA35-BDC6-4368-A261-E8D57D884C3E}.Debug|Any CPU.ActiveCfg = Debug|Any CPU
		{F65AFA35-BDC6-4368-A261-E8D57D884C3E}.Debug|Any CPU.Build.0 = Debug|Any CPU
		{F65AFA35-BDC6-4368-A261-E8D57D884C3E}.Release|Any CPU.ActiveCfg = Release|Any CPU
		{F65AFA35-BDC6-4368-A261-E8D57D884C3E}.Release|Any CPU.Build.0 = Release|Any CPU
		{DA5FA534-FA29-4E88-B329-249D9C924814}.Debug|Any CPU.ActiveCfg = Debug|Any CPU
		{DA5FA534-FA29-4E88-B329-249D9C924814}.Debug|Any CPU.Build.0 = Debug|Any CPU
		{DA5FA534-FA29-4E88-B329-249D9C924814}.Release|Any CPU.ActiveCfg = Release|Any CPU
		{DA5FA534-FA29-4E88-B329-249D9C924814}.Release|Any CPU.Build.0 = Release|Any CPU
	EndGlobalSection
	GlobalSection(SolutionProperties) = preSolution
		HideSolutionNode = FALSE
	EndGlobalSection
	GlobalSection(ExtensibilityGlobals) = postSolution
		SolutionGuid = {416BA5AD-295D-447F-9763-A3191C135534}
	EndGlobalSection
EndGlobal
